// !$*UTF8*$!
{
	archiveVersion = 1;
	classes = {
	};
	objectVersion = 55;
	objects = {

/* Begin PBXBuildFile section */
		860037F72788112C00124EA9 /* AppearanceController.swift in Sources */ = {isa = PBXBuildFile; fileRef = 860037F62788112C00124EA9 /* AppearanceController.swift */; };
		860037F92788393000124EA9 /* PremadeViews.swift in Sources */ = {isa = PBXBuildFile; fileRef = 860037F82788393000124EA9 /* PremadeViews.swift */; };
		8635C98B278980210023564F /* MLB-The-Show-Flips-Info.plist in Resources */ = {isa = PBXBuildFile; fileRef = 8635C98A278980210023564F /* MLB-The-Show-Flips-Info.plist */; };
		8635C98D278991E30023564F /* PlayerDataController.swift in Sources */ = {isa = PBXBuildFile; fileRef = 8635C98C278991E30023564F /* PlayerDataController.swift */; };
		863EB27A278EA3940008C677 /* SwiftUICharts in Frameworks */ = {isa = PBXBuildFile; productRef = 863EB279278EA3940008C677 /* SwiftUICharts */; };
		864207402782A65B0045FA10 /* MLB_The_Show_FlipsApp.swift in Sources */ = {isa = PBXBuildFile; fileRef = 8642073F2782A65B0045FA10 /* MLB_The_Show_FlipsApp.swift */; };
		864207422782A65B0045FA10 /* HomeView.swift in Sources */ = {isa = PBXBuildFile; fileRef = 864207412782A65B0045FA10 /* HomeView.swift */; };
		864207442782A65C0045FA10 /* Assets.xcassets in Resources */ = {isa = PBXBuildFile; fileRef = 864207432782A65C0045FA10 /* Assets.xcassets */; };
		864207472782A65C0045FA10 /* Preview Assets.xcassets in Resources */ = {isa = PBXBuildFile; fileRef = 864207462782A65C0045FA10 /* Preview Assets.xcassets */; };
		8642074E2782A67E0045FA10 /* CriteriaController.swift in Sources */ = {isa = PBXBuildFile; fileRef = 8642074D2782A67E0045FA10 /* CriteriaController.swift */; };
		864207512782C9A80045FA10 /* Colors.swift in Sources */ = {isa = PBXBuildFile; fileRef = 864207502782C9A80045FA10 /* Colors.swift */; };
		864207532782CA550045FA10 /* ColorExtension.swift in Sources */ = {isa = PBXBuildFile; fileRef = 864207522782CA550045FA10 /* ColorExtension.swift */; };
		864207552783943A0045FA10 /* DataStructs.swift in Sources */ = {isa = PBXBuildFile; fileRef = 864207542783943A0045FA10 /* DataStructs.swift */; };
		86420757278394A60045FA10 /* Calculator.swift in Sources */ = {isa = PBXBuildFile; fileRef = 86420756278394A60045FA10 /* Calculator.swift */; };
		86420759278395790045FA10 /* Criteria.swift in Sources */ = {isa = PBXBuildFile; fileRef = 86420758278395790045FA10 /* Criteria.swift */; };
		8642075D2783A3200045FA10 /* testView.swift in Sources */ = {isa = PBXBuildFile; fileRef = 8642075C2783A3200045FA10 /* testView.swift */; };
		86BEEA1E278D4CBA005A8C02 /* CardDetailView.swift in Sources */ = {isa = PBXBuildFile; fileRef = 86BEEA1D278D4CBA005A8C02 /* CardDetailView.swift */; };
		86D861922783FCD400807F4E /* SeriesExclusion.swift in Sources */ = {isa = PBXBuildFile; fileRef = 86D861912783FCD400807F4E /* SeriesExclusion.swift */; };
		86D861952785057400807F4E /* PlayerDataModel.swift in Sources */ = {isa = PBXBuildFile; fileRef = 86D861942785057400807F4E /* PlayerDataModel.swift */; };
/* End PBXBuildFile section */

/* Begin PBXFileReference section */
		860037F62788112C00124EA9 /* AppearanceController.swift */ = {isa = PBXFileReference; lastKnownFileType = sourcecode.swift; path = AppearanceController.swift; sourceTree = "<group>"; };
		860037F82788393000124EA9 /* PremadeViews.swift */ = {isa = PBXFileReference; lastKnownFileType = sourcecode.swift; path = PremadeViews.swift; sourceTree = "<group>"; };
		8635C98A278980210023564F /* MLB-The-Show-Flips-Info.plist */ = {isa = PBXFileReference; lastKnownFileType = text.plist.xml; path = "MLB-The-Show-Flips-Info.plist"; sourceTree = "<group>"; };
		8635C98C278991E30023564F /* PlayerDataController.swift */ = {isa = PBXFileReference; lastKnownFileType = sourcecode.swift; path = PlayerDataController.swift; sourceTree = "<group>"; };
		8642073C2782A65B0045FA10 /* MLB The Show Flips.app */ = {isa = PBXFileReference; explicitFileType = wrapper.application; includeInIndex = 0; path = "MLB The Show Flips.app"; sourceTree = BUILT_PRODUCTS_DIR; };
		8642073F2782A65B0045FA10 /* MLB_The_Show_FlipsApp.swift */ = {isa = PBXFileReference; lastKnownFileType = sourcecode.swift; path = MLB_The_Show_FlipsApp.swift; sourceTree = "<group>"; };
		864207412782A65B0045FA10 /* HomeView.swift */ = {isa = PBXFileReference; lastKnownFileType = sourcecode.swift; path = HomeView.swift; sourceTree = "<group>"; };
		864207432782A65C0045FA10 /* Assets.xcassets */ = {isa = PBXFileReference; lastKnownFileType = folder.assetcatalog; path = Assets.xcassets; sourceTree = "<group>"; };
		864207462782A65C0045FA10 /* Preview Assets.xcassets */ = {isa = PBXFileReference; lastKnownFileType = folder.assetcatalog; path = "Preview Assets.xcassets"; sourceTree = "<group>"; };
		8642074D2782A67E0045FA10 /* CriteriaController.swift */ = {isa = PBXFileReference; lastKnownFileType = sourcecode.swift; path = CriteriaController.swift; sourceTree = "<group>"; };
		864207502782C9A80045FA10 /* Colors.swift */ = {isa = PBXFileReference; lastKnownFileType = sourcecode.swift; path = Colors.swift; sourceTree = "<group>"; };
		864207522782CA550045FA10 /* ColorExtension.swift */ = {isa = PBXFileReference; lastKnownFileType = sourcecode.swift; path = ColorExtension.swift; sourceTree = "<group>"; };
		864207542783943A0045FA10 /* DataStructs.swift */ = {isa = PBXFileReference; lastKnownFileType = sourcecode.swift; path = DataStructs.swift; sourceTree = "<group>"; };
		86420756278394A60045FA10 /* Calculator.swift */ = {isa = PBXFileReference; lastKnownFileType = sourcecode.swift; path = Calculator.swift; sourceTree = "<group>"; };
		86420758278395790045FA10 /* Criteria.swift */ = {isa = PBXFileReference; lastKnownFileType = sourcecode.swift; path = Criteria.swift; sourceTree = "<group>"; };
		8642075C2783A3200045FA10 /* testView.swift */ = {isa = PBXFileReference; lastKnownFileType = sourcecode.swift; path = testView.swift; sourceTree = "<group>"; };
		86BEEA1D278D4CBA005A8C02 /* CardDetailView.swift */ = {isa = PBXFileReference; lastKnownFileType = sourcecode.swift; path = CardDetailView.swift; sourceTree = "<group>"; };
		86D861912783FCD400807F4E /* SeriesExclusion.swift */ = {isa = PBXFileReference; lastKnownFileType = sourcecode.swift; path = SeriesExclusion.swift; sourceTree = "<group>"; };
		86D861942785057400807F4E /* PlayerDataModel.swift */ = {isa = PBXFileReference; lastKnownFileType = sourcecode.swift; path = PlayerDataModel.swift; sourceTree = "<group>"; };
/* End PBXFileReference section */

/* Begin PBXFrameworksBuildPhase section */
		864207392782A65B0045FA10 /* Frameworks */ = {
			isa = PBXFrameworksBuildPhase;
			buildActionMask = 2147483647;
			files = (
				863EB27A278EA3940008C677 /* SwiftUICharts in Frameworks */,
			);
			runOnlyForDeploymentPostprocessing = 0;
		};
/* End PBXFrameworksBuildPhase section */

/* Begin PBXGroup section */
		864207332782A65B0045FA10 = {
			isa = PBXGroup;
			children = (
				8635C98A278980210023564F /* MLB-The-Show-Flips-Info.plist */,
				8642073E2782A65B0045FA10 /* MLB The Show Flips */,
				8642073D2782A65B0045FA10 /* Products */,
			);
			sourceTree = "<group>";
		};
		8642073D2782A65B0045FA10 /* Products */ = {
			isa = PBXGroup;
			children = (
				8642073C2782A65B0045FA10 /* MLB The Show Flips.app */,
			);
			name = Products;
			sourceTree = "<group>";
		};
		8642073E2782A65B0045FA10 /* MLB The Show Flips */ = {
			isa = PBXGroup;
			children = (
				86BEEA1D278D4CBA005A8C02 /* CardDetailView.swift */,
				86C2DF7F2786AA930010A28D /* Main */,
				86C2DF7D2786AA540010A28D /* Controllers */,
				86C2DF7E2786AA780010A28D /* Model */,
				86C2DF7C2786AA370010A28D /* Helpers */,
				864207432782A65C0045FA10 /* Assets.xcassets */,
				8642075C2783A3200045FA10 /* testView.swift */,
				864207452782A65C0045FA10 /* Preview Content */,
			);
			path = "MLB The Show Flips";
			sourceTree = "<group>";
		};
		864207452782A65C0045FA10 /* Preview Content */ = {
			isa = PBXGroup;
			children = (
				864207462782A65C0045FA10 /* Preview Assets.xcassets */,
			);
			path = "Preview Content";
			sourceTree = "<group>";
		};
		86C2DF7C2786AA370010A28D /* Helpers */ = {
			isa = PBXGroup;
			children = (
				860037F82788393000124EA9 /* PremadeViews.swift */,
				864207502782C9A80045FA10 /* Colors.swift */,
				864207522782CA550045FA10 /* ColorExtension.swift */,
			);
			path = Helpers;
			sourceTree = "<group>";
		};
		86C2DF7D2786AA540010A28D /* Controllers */ = {
			isa = PBXGroup;
			children = (
				860037F62788112C00124EA9 /* AppearanceController.swift */,
				8642074D2782A67E0045FA10 /* CriteriaController.swift */,
				86D861912783FCD400807F4E /* SeriesExclusion.swift */,
				8635C98C278991E30023564F /* PlayerDataController.swift */,
			);
			path = Controllers;
			sourceTree = "<group>";
		};
		86C2DF7E2786AA780010A28D /* Model */ = {
			isa = PBXGroup;
			children = (
				86420758278395790045FA10 /* Criteria.swift */,
				86420756278394A60045FA10 /* Calculator.swift */,
				864207542783943A0045FA10 /* DataStructs.swift */,
				86D861942785057400807F4E /* PlayerDataModel.swift */,
			);
			path = Model;
			sourceTree = "<group>";
		};
		86C2DF7F2786AA930010A28D /* Main */ = {
			isa = PBXGroup;
			children = (
				8642073F2782A65B0045FA10 /* MLB_The_Show_FlipsApp.swift */,
				864207412782A65B0045FA10 /* HomeView.swift */,
			);
			path = Main;
			sourceTree = "<group>";
		};
/* End PBXGroup section */

/* Begin PBXNativeTarget section */
		8642073B2782A65B0045FA10 /* MLB The Show Flips */ = {
			isa = PBXNativeTarget;
			buildConfigurationList = 8642074A2782A65C0045FA10 /* Build configuration list for PBXNativeTarget "MLB The Show Flips" */;
			buildPhases = (
				864207382782A65B0045FA10 /* Sources */,
				864207392782A65B0045FA10 /* Frameworks */,
				8642073A2782A65B0045FA10 /* Resources */,
			);
			buildRules = (
			);
			dependencies = (
			);
			name = "MLB The Show Flips";
			packageProductDependencies = (
				863EB279278EA3940008C677 /* SwiftUICharts */,
			);
			productName = "MLB The Show Flips";
			productReference = 8642073C2782A65B0045FA10 /* MLB The Show Flips.app */;
			productType = "com.apple.product-type.application";
		};
/* End PBXNativeTarget section */

/* Begin PBXProject section */
		864207342782A65B0045FA10 /* Project object */ = {
			isa = PBXProject;
			attributes = {
				BuildIndependentTargetsInParallel = 1;
				LastSwiftUpdateCheck = 1320;
				LastUpgradeCheck = 1320;
				TargetAttributes = {
					8642073B2782A65B0045FA10 = {
						CreatedOnToolsVersion = 13.2.1;
					};
				};
			};
			buildConfigurationList = 864207372782A65B0045FA10 /* Build configuration list for PBXProject "MLB The Show Flips" */;
			compatibilityVersion = "Xcode 13.0";
			developmentRegion = en;
			hasScannedForEncodings = 0;
			knownRegions = (
				en,
				Base,
			);
			mainGroup = 864207332782A65B0045FA10;
			packageReferences = (
				863EB278278EA3940008C677 /* XCRemoteSwiftPackageReference "ChartView" */,
			);
			productRefGroup = 8642073D2782A65B0045FA10 /* Products */;
			projectDirPath = "";
			projectRoot = "";
			targets = (
				8642073B2782A65B0045FA10 /* MLB The Show Flips */,
			);
		};
/* End PBXProject section */

/* Begin PBXResourcesBuildPhase section */
		8642073A2782A65B0045FA10 /* Resources */ = {
			isa = PBXResourcesBuildPhase;
			buildActionMask = 2147483647;
			files = (
				864207472782A65C0045FA10 /* Preview Assets.xcassets in Resources */,
				8635C98B278980210023564F /* MLB-The-Show-Flips-Info.plist in Resources */,
				864207442782A65C0045FA10 /* Assets.xcassets in Resources */,
			);
			runOnlyForDeploymentPostprocessing = 0;
		};
/* End PBXResourcesBuildPhase section */

/* Begin PBXSourcesBuildPhase section */
		864207382782A65B0045FA10 /* Sources */ = {
			isa = PBXSourcesBuildPhase;
			buildActionMask = 2147483647;
			files = (
				864207422782A65B0045FA10 /* HomeView.swift in Sources */,
				86D861922783FCD400807F4E /* SeriesExclusion.swift in Sources */,
				864207512782C9A80045FA10 /* Colors.swift in Sources */,
				86420757278394A60045FA10 /* Calculator.swift in Sources */,
				864207402782A65B0045FA10 /* MLB_The_Show_FlipsApp.swift in Sources */,
				860037F72788112C00124EA9 /* AppearanceController.swift in Sources */,
				86420759278395790045FA10 /* Criteria.swift in Sources */,
				860037F92788393000124EA9 /* PremadeViews.swift in Sources */,
				8642075D2783A3200045FA10 /* testView.swift in Sources */,
				86D861952785057400807F4E /* PlayerDataModel.swift in Sources */,
				8635C98D278991E30023564F /* PlayerDataController.swift in Sources */,
				8642074E2782A67E0045FA10 /* CriteriaController.swift in Sources */,
				86BEEA1E278D4CBA005A8C02 /* CardDetailView.swift in Sources */,
				864207552783943A0045FA10 /* DataStructs.swift in Sources */,
				864207532782CA550045FA10 /* ColorExtension.swift in Sources */,
			);
			runOnlyForDeploymentPostprocessing = 0;
		};
/* End PBXSourcesBuildPhase section */

/* Begin XCBuildConfiguration section */
		864207482782A65C0045FA10 /* Debug */ = {
			isa = XCBuildConfiguration;
			buildSettings = {
				ALWAYS_SEARCH_USER_PATHS = NO;
				CLANG_ANALYZER_NONNULL = YES;
				CLANG_ANALYZER_NUMBER_OBJECT_CONVERSION = YES_AGGRESSIVE;
				CLANG_CXX_LANGUAGE_STANDARD = "gnu++17";
				CLANG_CXX_LIBRARY = "libc++";
				CLANG_ENABLE_MODULES = YES;
				CLANG_ENABLE_OBJC_ARC = YES;
				CLANG_ENABLE_OBJC_WEAK = YES;
				CLANG_WARN_BLOCK_CAPTURE_AUTORELEASING = YES;
				CLANG_WARN_BOOL_CONVERSION = YES;
				CLANG_WARN_COMMA = YES;
				CLANG_WARN_CONSTANT_CONVERSION = YES;
				CLANG_WARN_DEPRECATED_OBJC_IMPLEMENTATIONS = YES;
				CLANG_WARN_DIRECT_OBJC_ISA_USAGE = YES_ERROR;
				CLANG_WARN_DOCUMENTATION_COMMENTS = YES;
				CLANG_WARN_EMPTY_BODY = YES;
				CLANG_WARN_ENUM_CONVERSION = YES;
				CLANG_WARN_INFINITE_RECURSION = YES;
				CLANG_WARN_INT_CONVERSION = YES;
				CLANG_WARN_NON_LITERAL_NULL_CONVERSION = YES;
				CLANG_WARN_OBJC_IMPLICIT_RETAIN_SELF = YES;
				CLANG_WARN_OBJC_LITERAL_CONVERSION = YES;
				CLANG_WARN_OBJC_ROOT_CLASS = YES_ERROR;
				CLANG_WARN_QUOTED_INCLUDE_IN_FRAMEWORK_HEADER = YES;
				CLANG_WARN_RANGE_LOOP_ANALYSIS = YES;
				CLANG_WARN_STRICT_PROTOTYPES = YES;
				CLANG_WARN_SUSPICIOUS_MOVE = YES;
				CLANG_WARN_UNGUARDED_AVAILABILITY = YES_AGGRESSIVE;
				CLANG_WARN_UNREACHABLE_CODE = YES;
				CLANG_WARN__DUPLICATE_METHOD_MATCH = YES;
				COPY_PHASE_STRIP = NO;
				DEBUG_INFORMATION_FORMAT = dwarf;
				ENABLE_STRICT_OBJC_MSGSEND = YES;
				ENABLE_TESTABILITY = YES;
				GCC_C_LANGUAGE_STANDARD = gnu11;
				GCC_DYNAMIC_NO_PIC = NO;
				GCC_NO_COMMON_BLOCKS = YES;
				GCC_OPTIMIZATION_LEVEL = 0;
				GCC_PREPROCESSOR_DEFINITIONS = (
					"DEBUG=1",
					"$(inherited)",
				);
				GCC_WARN_64_TO_32_BIT_CONVERSION = YES;
				GCC_WARN_ABOUT_RETURN_TYPE = YES_ERROR;
				GCC_WARN_UNDECLARED_SELECTOR = YES;
				GCC_WARN_UNINITIALIZED_AUTOS = YES_AGGRESSIVE;
				GCC_WARN_UNUSED_FUNCTION = YES;
				GCC_WARN_UNUSED_VARIABLE = YES;
				IPHONEOS_DEPLOYMENT_TARGET = 15.2;
				MTL_ENABLE_DEBUG_INFO = INCLUDE_SOURCE;
				MTL_FAST_MATH = YES;
				ONLY_ACTIVE_ARCH = YES;
				SDKROOT = iphoneos;
				SWIFT_ACTIVE_COMPILATION_CONDITIONS = DEBUG;
				SWIFT_OPTIMIZATION_LEVEL = "-Onone";
			};
			name = Debug;
		};
		864207492782A65C0045FA10 /* Release */ = {
			isa = XCBuildConfiguration;
			buildSettings = {
				ALWAYS_SEARCH_USER_PATHS = NO;
				CLANG_ANALYZER_NONNULL = YES;
				CLANG_ANALYZER_NUMBER_OBJECT_CONVERSION = YES_AGGRESSIVE;
				CLANG_CXX_LANGUAGE_STANDARD = "gnu++17";
				CLANG_CXX_LIBRARY = "libc++";
				CLANG_ENABLE_MODULES = YES;
				CLANG_ENABLE_OBJC_ARC = YES;
				CLANG_ENABLE_OBJC_WEAK = YES;
				CLANG_WARN_BLOCK_CAPTURE_AUTORELEASING = YES;
				CLANG_WARN_BOOL_CONVERSION = YES;
				CLANG_WARN_COMMA = YES;
				CLANG_WARN_CONSTANT_CONVERSION = YES;
				CLANG_WARN_DEPRECATED_OBJC_IMPLEMENTATIONS = YES;
				CLANG_WARN_DIRECT_OBJC_ISA_USAGE = YES_ERROR;
				CLANG_WARN_DOCUMENTATION_COMMENTS = YES;
				CLANG_WARN_EMPTY_BODY = YES;
				CLANG_WARN_ENUM_CONVERSION = YES;
				CLANG_WARN_INFINITE_RECURSION = YES;
				CLANG_WARN_INT_CONVERSION = YES;
				CLANG_WARN_NON_LITERAL_NULL_CONVERSION = YES;
				CLANG_WARN_OBJC_IMPLICIT_RETAIN_SELF = YES;
				CLANG_WARN_OBJC_LITERAL_CONVERSION = YES;
				CLANG_WARN_OBJC_ROOT_CLASS = YES_ERROR;
				CLANG_WARN_QUOTED_INCLUDE_IN_FRAMEWORK_HEADER = YES;
				CLANG_WARN_RANGE_LOOP_ANALYSIS = YES;
				CLANG_WARN_STRICT_PROTOTYPES = YES;
				CLANG_WARN_SUSPICIOUS_MOVE = YES;
				CLANG_WARN_UNGUARDED_AVAILABILITY = YES_AGGRESSIVE;
				CLANG_WARN_UNREACHABLE_CODE = YES;
				CLANG_WARN__DUPLICATE_METHOD_MATCH = YES;
				COPY_PHASE_STRIP = NO;
				DEBUG_INFORMATION_FORMAT = "dwarf-with-dsym";
				ENABLE_NS_ASSERTIONS = NO;
				ENABLE_STRICT_OBJC_MSGSEND = YES;
				GCC_C_LANGUAGE_STANDARD = gnu11;
				GCC_NO_COMMON_BLOCKS = YES;
				GCC_WARN_64_TO_32_BIT_CONVERSION = YES;
				GCC_WARN_ABOUT_RETURN_TYPE = YES_ERROR;
				GCC_WARN_UNDECLARED_SELECTOR = YES;
				GCC_WARN_UNINITIALIZED_AUTOS = YES_AGGRESSIVE;
				GCC_WARN_UNUSED_FUNCTION = YES;
				GCC_WARN_UNUSED_VARIABLE = YES;
				IPHONEOS_DEPLOYMENT_TARGET = 15.2;
				MTL_ENABLE_DEBUG_INFO = NO;
				MTL_FAST_MATH = YES;
				SDKROOT = iphoneos;
				SWIFT_COMPILATION_MODE = wholemodule;
				SWIFT_OPTIMIZATION_LEVEL = "-O";
				VALIDATE_PRODUCT = YES;
			};
			name = Release;
		};
		8642074B2782A65C0045FA10 /* Debug */ = {
			isa = XCBuildConfiguration;
			buildSettings = {
				ASSETCATALOG_COMPILER_APPICON_NAME = AppIcon;
				ASSETCATALOG_COMPILER_GLOBAL_ACCENT_COLOR_NAME = AccentColor;
				CODE_SIGN_STYLE = Automatic;
				CURRENT_PROJECT_VERSION = 1;
				DEVELOPMENT_ASSET_PATHS = "\"MLB The Show Flips/Preview Content\"";
				DEVELOPMENT_TEAM = LTHP4N872E;
				ENABLE_PREVIEWS = YES;
				GENERATE_INFOPLIST_FILE = YES;
				INFOPLIST_FILE = "MLB-The-Show-Flips-Info.plist";
				INFOPLIST_KEY_UIApplicationSupportsIndirectInputEvents = YES;
				INFOPLIST_KEY_UILaunchScreen_Generation = YES;
				INFOPLIST_KEY_UISupportedInterfaceOrientations = "UIInterfaceOrientationPortrait UIInterfaceOrientationPortraitUpsideDown";
				INFOPLIST_KEY_UISupportedInterfaceOrientations_iPad = "UIInterfaceOrientationPortrait UIInterfaceOrientationPortraitUpsideDown UIInterfaceOrientationLandscapeLeft UIInterfaceOrientationLandscapeRight";
				INFOPLIST_KEY_UISupportedInterfaceOrientations_iPhone = "UIInterfaceOrientationPortrait UIInterfaceOrientationLandscapeLeft UIInterfaceOrientationLandscapeRight";
				IPHONEOS_DEPLOYMENT_TARGET = 15.0;
				LD_RUNPATH_SEARCH_PATHS = (
					"$(inherited)",
					"@executable_path/Frameworks",
				);
				MARKETING_VERSION = 1.0;
				PRODUCT_BUNDLE_IDENTIFIER = "Gavin.MLB-The-Show-Flips";
				PRODUCT_NAME = "$(TARGET_NAME)";
				SWIFT_EMIT_LOC_STRINGS = YES;
				SWIFT_VERSION = 5.0;
				TARGETED_DEVICE_FAMILY = "1,2";
			};
			name = Debug;
		};
		8642074C2782A65C0045FA10 /* Release */ = {
			isa = XCBuildConfiguration;
			buildSettings = {
				ASSETCATALOG_COMPILER_APPICON_NAME = AppIcon;
				ASSETCATALOG_COMPILER_GLOBAL_ACCENT_COLOR_NAME = AccentColor;
				CODE_SIGN_STYLE = Automatic;
				CURRENT_PROJECT_VERSION = 1;
				DEVELOPMENT_ASSET_PATHS = "\"MLB The Show Flips/Preview Content\"";
				DEVELOPMENT_TEAM = LTHP4N872E;
				ENABLE_PREVIEWS = YES;
				GENERATE_INFOPLIST_FILE = YES;
				INFOPLIST_FILE = "MLB-The-Show-Flips-Info.plist";
				INFOPLIST_KEY_UIApplicationSupportsIndirectInputEvents = YES;
				INFOPLIST_KEY_UILaunchScreen_Generation = YES;
				INFOPLIST_KEY_UISupportedInterfaceOrientations = "UIInterfaceOrientationPortrait UIInterfaceOrientationPortraitUpsideDown";
				INFOPLIST_KEY_UISupportedInterfaceOrientations_iPad = "UIInterfaceOrientationPortrait UIInterfaceOrientationPortraitUpsideDown UIInterfaceOrientationLandscapeLeft UIInterfaceOrientationLandscapeRight";
				INFOPLIST_KEY_UISupportedInterfaceOrientations_iPhone = "UIInterfaceOrientationPortrait UIInterfaceOrientationLandscapeLeft UIInterfaceOrientationLandscapeRight";
				IPHONEOS_DEPLOYMENT_TARGET = 15.0;
				LD_RUNPATH_SEARCH_PATHS = (
					"$(inherited)",
					"@executable_path/Frameworks",
				);
				MARKETING_VERSION = 1.0;
				PRODUCT_BUNDLE_IDENTIFIER = "Gavin.MLB-The-Show-Flips";
				PRODUCT_NAME = "$(TARGET_NAME)";
				SWIFT_EMIT_LOC_STRINGS = YES;
				SWIFT_VERSION = 5.0;
				TARGETED_DEVICE_FAMILY = "1,2";
			};
			name = Release;
		};
/* End XCBuildConfiguration section */

/* Begin XCConfigurationList section */
		864207372782A65B0045FA10 /* Build configuration list for PBXProject "MLB The Show Flips" */ = {
			isa = XCConfigurationList;
			buildConfigurations = (
				864207482782A65C0045FA10 /* Debug */,
				864207492782A65C0045FA10 /* Release */,
			);
			defaultConfigurationIsVisible = 0;
			defaultConfigurationName = Release;
		};
		8642074A2782A65C0045FA10 /* Build configuration list for PBXNativeTarget "MLB The Show Flips" */ = {
			isa = XCConfigurationList;
			buildConfigurations = (
				8642074B2782A65C0045FA10 /* Debug */,
				8642074C2782A65C0045FA10 /* Release */,
			);
			defaultConfigurationIsVisible = 0;
			defaultConfigurationName = Release;
		};
/* End XCConfigurationList section */

/* Begin XCRemoteSwiftPackageReference section */
		863EB278278EA3940008C677 /* XCRemoteSwiftPackageReference "ChartView" */ = {
			isa = XCRemoteSwiftPackageReference;
			repositoryURL = "https://github.com/AppPear/ChartView.git";
			requirement = {
				kind = upToNextMajorVersion;
				minimumVersion = 1.0.0;
			};
		};
/* End XCRemoteSwiftPackageReference section */

/* Begin XCSwiftPackageProductDependency section */
		863EB279278EA3940008C677 /* SwiftUICharts */ = {
			isa = XCSwiftPackageProductDependency;
			package = 863EB278278EA3940008C677 /* XCRemoteSwiftPackageReference "ChartView" */;
			productName = SwiftUICharts;
		};
/* End XCSwiftPackageProductDependency section */
	};
	rootObject = 864207342782A65B0045FA10 /* Project object */;
}
